
Microsoft Visual Studio Solution File, Format Version 12.00
# Visual Studio 14
VisualStudioVersion = 14.0.25123.0
MinimumVisualStudioVersion = 10.0.40219.1
Project("{2150E333-8FDC-42A3-9474-1A3956D46DE8}") = "src", "src", "{900B7B61-41A1-4393-BD71-50DBCF252292}"
EndProject
Project("{2150E333-8FDC-42A3-9474-1A3956D46DE8}") = "Solution Items", "Solution Items", "{A5140CA1-DEC9-4CA9-8DC4-9FAA53A3EBBA}"
	ProjectSection(SolutionItems) = preProject
		global.json = global.json
		README.md = README.md
	EndProjectSection
EndProject
Project("{8BB2217D-0F2D-49D1-97BC-3654ED321F3B}") = "Oocx.ACME", "src\Oocx.ACME\Oocx.ACME.xproj", "{0FF9868E-CFCF-4AD3-8414-EAC50555F032}"
EndProject
Project("{8BB2217D-0F2D-49D1-97BC-3654ED321F3B}") = "Oocx.ACME.Common", "src\Oocx.ACME.Common\Oocx.ACME.Common.xproj", "{0F9E0030-F08C-49E1-961E-74226BF63553}"
EndProject
Project("{8BB2217D-0F2D-49D1-97BC-3654ED321F3B}") = "Oocx.Asn1PKCS", "src\Oocx.Asn1PKCS\Oocx.Asn1PKCS.xproj", "{44341FCB-5177-4328-86A7-B6A6DE813C1E}"
EndProject
Global
	GlobalSection(SolutionConfigurationPlatforms) = preSolution
		Debug|Any CPU = Debug|Any CPU
		Release|Any CPU = Release|Any CPU
	EndGlobalSection
	GlobalSection(ProjectConfigurationPlatforms) = postSolution
		{0FF9868E-CFCF-4AD3-8414-EAC50555F032}.Debug|Any CPU.ActiveCfg = Debug|Any CPU
		{0FF9868E-CFCF-4AD3-8414-EAC50555F032}.Debug|Any CPU.Build.0 = Debug|Any CPU
		{0FF9868E-CFCF-4AD3-8414-EAC50555F032}.Release|Any CPU.ActiveCfg = Release|Any CPU
		{0FF9868E-CFCF-4AD3-8414-EAC50555F032}.Release|Any CPU.Build.0 = Release|Any CPU
		{0F9E0030-F08C-49E1-961E-74226BF63553}.Debug|Any CPU.ActiveCfg = Debug|Any CPU
		{0F9E0030-F08C-49E1-961E-74226BF63553}.Debug|Any CPU.Build.0 = Debug|Any CPU
		{0F9E0030-F08C-49E1-961E-74226BF63553}.Release|Any CPU.ActiveCfg = Release|Any CPU
		{0F9E0030-F08C-49E1-961E-74226BF63553}.Release|Any CPU.Build.0 = Release|Any CPU
		{44341FCB-5177-4328-86A7-B6A6DE813C1E}.Debug|Any CPU.ActiveCfg = Debug|Any CPU
		{44341FCB-5177-4328-86A7-B6A6DE813C1E}.Debug|Any CPU.Build.0 = Debug|Any CPU
		{44341FCB-5177-4328-86A7-B6A6DE813C1E}.Release|Any CPU.ActiveCfg = Release|Any CPU
		{44341FCB-5177-4328-86A7-B6A6DE813C1E}.Release|Any CPU.Build.0 = Release|Any CPU
	EndGlobalSection
	GlobalSection(SolutionProperties) = preSolution
		HideSolutionNode = FALSE
	EndGlobalSection
	GlobalSection(NestedProjects) = preSolution
		{0FF9868E-CFCF-4AD3-8414-EAC50555F032} = {900B7B61-41A1-4393-BD71-50DBCF252292}
		{0F9E0030-F08C-49E1-961E-74226BF63553} = {900B7B61-41A1-4393-BD71-50DBCF252292}
		{44341FCB-5177-4328-86A7-B6A6DE813C1E} = {900B7B61-41A1-4393-BD71-50DBCF252292}
	EndGlobalSection
EndGlobal
